
Microsoft Visual Studio Solution File, Format Version 12.00
# Visual Studio Version 16
VisualStudioVersion = 16.0.30503.244
MinimumVisualStudioVersion = 10.0.40219.1
Project("{FAE04EC0-301F-11D3-BF4B-00C04F79EFBC}") = "FirstCoreWebApplication", "FirstCoreWebApplication\FirstCoreWebApplication.csproj", "{35DE645E-8541-454A-A6CA-D2F622EE301F}"
EndProject
Global
	GlobalSection(SolutionConfigurationPlatforms) = preSolution
		Debug|Any CPU = Debug|Any CPU
		Release|Any CPU = Release|Any CPU
	EndGlobalSection
	GlobalSection(ProjectConfigurationPlatforms) = postSolution
		{35DE645E-8541-454A-A6CA-D2F622EE301F}.Debug|Any CPU.ActiveCfg = Debug|Any CPU
		{35DE645E-8541-454A-A6CA-D2F622EE301F}.Debug|Any CPU.Build.0 = Debug|Any CPU
		{35DE645E-8541-454A-A6CA-D2F622EE301F}.Release|Any CPU.ActiveCfg = Release|Any CPU
		{35DE645E-8541-454A-A6CA-D2F622EE301F}.Release|Any CPU.Build.0 = Release|Any CPU
	EndGlobalSection
	GlobalSection(SolutionProperties) = preSolution
		HideSolutionNode = FALSE
	EndGlobalSection
	GlobalSection(ExtensibilityGlobals) = postSolution
		SolutionGuid = {62D958F3-FD90-4B2C-B409-EA849B586FD5}
	EndGlobalSection
EndGlobal
